uuid: 17f842f6-cff4-4234-941e-afc924201690
langcode: en
status: true
dependencies:
  module:
    - d4drupal_block
  theme:
    - zuvi
id: d4drupalblock
theme: zuvi
region: content_home
weight: 0
provider: null
plugin: d4drupal_block
settings:
  id: d4drupal_block
  label: 'D4drupal block'
  label_display: visible
  provider: d4drupal_block
visibility: {  }
